
Microsoft Visual Studio Solution File, Format Version 12.00
# Visual Studio Version 17
VisualStudioVersion = 17.0.31903.59
MinimumVisualStudioVersion = 10.0.40219.1
Project("{2150E333-8FDC-42A3-9474-1A3956D46DE8}") = "src", "src", "{827E0CD3-B72D-47B6-A68D-7590B98EB39B}"
EndProject
Project("{FAE04EC0-301F-11D3-BF4B-00C04F79EFBC}") = "Loca.Application", "src\Loca.Application\Loca.Application.csproj", "{5C2AA8D9-5363-49DA-842A-FA56B81E662D}"
EndProject
Project("{FAE04EC0-301F-11D3-BF4B-00C04F79EFBC}") = "Loca.Domain", "src\Loca.Domain\Loca.Domain.csproj", "{E544B769-A482-4CCC-B427-68C4E5572355}"
EndProject
Project("{FAE04EC0-301F-11D3-BF4B-00C04F79EFBC}") = "Loca.Infrastructure", "src\Loca.Infrastructure\Loca.Infrastructure.csproj", "{13AF8B2D-9576-4C3F-A598-5525E7E7F458}"
EndProject
Project("{FAE04EC0-301F-11D3-BF4B-00C04F79EFBC}") = "Loca.Persistence", "src\Loca.Persistence\Loca.Persistence.csproj", "{B84D2241-8863-41A1-A3BB-71D4687B5A14}"
EndProject
Project("{FAE04EC0-301F-11D3-BF4B-00C04F79EFBC}") = "Loca.WebApi", "src\Loca.WebApi\Loca.WebApi.csproj", "{2D0F8AA5-814B-4CD0-9D20-ADB2A91EC751}"
EndProject
Project("{2150E333-8FDC-42A3-9474-1A3956D46DE8}") = "tests", "tests", "{0AB3BF05-4346-4AA6-1389-037BE0695223}"
EndProject
Project("{FAE04EC0-301F-11D3-BF4B-00C04F79EFBC}") = "Loca.ArchitectureTests", "tests\Loca.ArchitectureTests\Loca.ArchitectureTests.csproj", "{0DAB9654-46B9-4870-98BE-8B2BF0AB0ABB}"
EndProject
Project("{FAE04EC0-301F-11D3-BF4B-00C04F79EFBC}") = "Loca.IntegrationTests", "tests\Loca.IntegrationTests\Loca.IntegrationTests.csproj", "{512BBAB8-E050-49D8-AC42-51AA1F10752D}"
EndProject
Project("{FAE04EC0-301F-11D3-BF4B-00C04F79EFBC}") = "Loca.UnitTests", "tests\Loca.UnitTests\Loca.UnitTests.csproj", "{E2A99161-D1B1-4C3B-94BA-B36334AF7D1D}"
EndProject
Global
	GlobalSection(SolutionConfigurationPlatforms) = preSolution
		Debug|Any CPU = Debug|Any CPU
		Debug|x64 = Debug|x64
		Debug|x86 = Debug|x86
		Release|Any CPU = Release|Any CPU
		Release|x64 = Release|x64
		Release|x86 = Release|x86
	EndGlobalSection
	GlobalSection(ProjectConfigurationPlatforms) = postSolution
		{5C2AA8D9-5363-49DA-842A-FA56B81E662D}.Debug|Any CPU.ActiveCfg = Debug|Any CPU
		{5C2AA8D9-5363-49DA-842A-FA56B81E662D}.Debug|Any CPU.Build.0 = Debug|Any CPU
		{5C2AA8D9-5363-49DA-842A-FA56B81E662D}.Debug|x64.ActiveCfg = Debug|Any CPU
		{5C2AA8D9-5363-49DA-842A-FA56B81E662D}.Debug|x64.Build.0 = Debug|Any CPU
		{5C2AA8D9-5363-49DA-842A-FA56B81E662D}.Debug|x86.ActiveCfg = Debug|Any CPU
		{5C2AA8D9-5363-49DA-842A-FA56B81E662D}.Debug|x86.Build.0 = Debug|Any CPU
		{5C2AA8D9-5363-49DA-842A-FA56B81E662D}.Release|Any CPU.ActiveCfg = Release|Any CPU
		{5C2AA8D9-5363-49DA-842A-FA56B81E662D}.Release|Any CPU.Build.0 = Release|Any CPU
		{5C2AA8D9-5363-49DA-842A-FA56B81E662D}.Release|x64.ActiveCfg = Release|Any CPU
		{5C2AA8D9-5363-49DA-842A-FA56B81E662D}.Release|x64.Build.0 = Release|Any CPU
		{5C2AA8D9-5363-49DA-842A-FA56B81E662D}.Release|x86.ActiveCfg = Release|Any CPU
		{5C2AA8D9-5363-49DA-842A-FA56B81E662D}.Release|x86.Build.0 = Release|Any CPU
		{E544B769-A482-4CCC-B427-68C4E5572355}.Debug|Any CPU.ActiveCfg = Debug|Any CPU
		{E544B769-A482-4CCC-B427-68C4E5572355}.Debug|Any CPU.Build.0 = Debug|Any CPU
		{E544B769-A482-4CCC-B427-68C4E5572355}.Debug|x64.ActiveCfg = Debug|Any CPU
		{E544B769-A482-4CCC-B427-68C4E5572355}.Debug|x64.Build.0 = Debug|Any CPU
		{E544B769-A482-4CCC-B427-68C4E5572355}.Debug|x86.ActiveCfg = Debug|Any CPU
		{E544B769-A482-4CCC-B427-68C4E5572355}.Debug|x86.Build.0 = Debug|Any CPU
		{E544B769-A482-4CCC-B427-68C4E5572355}.Release|Any CPU.ActiveCfg = Release|Any CPU
		{E544B769-A482-4CCC-B427-68C4E5572355}.Release|Any CPU.Build.0 = Release|Any CPU
		{E544B769-A482-4CCC-B427-68C4E5572355}.Release|x64.ActiveCfg = Release|Any CPU
		{E544B769-A482-4CCC-B427-68C4E5572355}.Release|x64.Build.0 = Release|Any CPU
		{E544B769-A482-4CCC-B427-68C4E5572355}.Release|x86.ActiveCfg = Release|Any CPU
		{E544B769-A482-4CCC-B427-68C4E5572355}.Release|x86.Build.0 = Release|Any CPU
		{13AF8B2D-9576-4C3F-A598-5525E7E7F458}.Debug|Any CPU.ActiveCfg = Debug|Any CPU
		{13AF8B2D-9576-4C3F-A598-5525E7E7F458}.Debug|Any CPU.Build.0 = Debug|Any CPU
		{13AF8B2D-9576-4C3F-A598-5525E7E7F458}.Debug|x64.ActiveCfg = Debug|Any CPU
		{13AF8B2D-9576-4C3F-A598-5525E7E7F458}.Debug|x64.Build.0 = Debug|Any CPU
		{13AF8B2D-9576-4C3F-A598-5525E7E7F458}.Debug|x86.ActiveCfg = Debug|Any CPU
		{13AF8B2D-9576-4C3F-A598-5525E7E7F458}.Debug|x86.Build.0 = Debug|Any CPU
		{13AF8B2D-9576-4C3F-A598-5525E7E7F458}.Release|Any CPU.ActiveCfg = Release|Any CPU
		{13AF8B2D-9576-4C3F-A598-5525E7E7F458}.Release|Any CPU.Build.0 = Release|Any CPU
		{13AF8B2D-9576-4C3F-A598-5525E7E7F458}.Release|x64.ActiveCfg = Release|Any CPU
		{13AF8B2D-9576-4C3F-A598-5525E7E7F458}.Release|x64.Build.0 = Release|Any CPU
		{13AF8B2D-9576-4C3F-A598-5525E7E7F458}.Release|x86.ActiveCfg = Release|Any CPU
		{13AF8B2D-9576-4C3F-A598-5525E7E7F458}.Release|x86.Build.0 = Release|Any CPU
		{B84D2241-8863-41A1-A3BB-71D4687B5A14}.Debug|Any CPU.ActiveCfg = Debug|Any CPU
		{B84D2241-8863-41A1-A3BB-71D4687B5A14}.Debug|Any CPU.Build.0 = Debug|Any CPU
		{B84D2241-8863-41A1-A3BB-71D4687B5A14}.Debug|x64.ActiveCfg = Debug|Any CPU
		{B84D2241-8863-41A1-A3BB-71D4687B5A14}.Debug|x64.Build.0 = Debug|Any CPU
		{B84D2241-8863-41A1-A3BB-71D4687B5A14}.Debug|x86.ActiveCfg = Debug|Any CPU
		{B84D2241-8863-41A1-A3BB-71D4687B5A14}.Debug|x86.Build.0 = Debug|Any CPU
		{B84D2241-8863-41A1-A3BB-71D4687B5A14}.Release|Any CPU.ActiveCfg = Release|Any CPU
		{B84D2241-8863-41A1-A3BB-71D4687B5A14}.Release|Any CPU.Build.0 = Release|Any CPU
		{B84D2241-8863-41A1-A3BB-71D4687B5A14}.Release|x64.ActiveCfg = Release|Any CPU
		{B84D2241-8863-41A1-A3BB-71D4687B5A14}.Release|x64.Build.0 = Release|Any CPU
		{B84D2241-8863-41A1-A3BB-71D4687B5A14}.Release|x86.ActiveCfg = Release|Any CPU
		{B84D2241-8863-41A1-A3BB-71D4687B5A14}.Release|x86.Build.0 = Release|Any CPU
		{2D0F8AA5-814B-4CD0-9D20-ADB2A91EC751}.Debug|Any CPU.ActiveCfg = Debug|Any CPU
		{2D0F8AA5-814B-4CD0-9D20-ADB2A91EC751}.Debug|Any CPU.Build.0 = Debug|Any CPU
		{2D0F8AA5-814B-4CD0-9D20-ADB2A91EC751}.Debug|x64.ActiveCfg = Debug|Any CPU
		{2D0F8AA5-814B-4CD0-9D20-ADB2A91EC751}.Debug|x64.Build.0 = Debug|Any CPU
		{2D0F8AA5-814B-4CD0-9D20-ADB2A91EC751}.Debug|x86.ActiveCfg = Debug|Any CPU
		{2D0F8AA5-814B-4CD0-9D20-ADB2A91EC751}.Debug|x86.Build.0 = Debug|Any CPU
		{2D0F8AA5-814B-4CD0-9D20-ADB2A91EC751}.Release|Any CPU.ActiveCfg = Release|Any CPU
		{2D0F8AA5-814B-4CD0-9D20-ADB2A91EC751}.Release|Any CPU.Build.0 = Release|Any CPU
		{2D0F8AA5-814B-4CD0-9D20-ADB2A91EC751}.Release|x64.ActiveCfg = Release|Any CPU
		{2D0F8AA5-814B-4CD0-9D20-ADB2A91EC751}.Release|x64.Build.0 = Release|Any CPU
		{2D0F8AA5-814B-4CD0-9D20-ADB2A91EC751}.Release|x86.ActiveCfg = Release|Any CPU
		{2D0F8AA5-814B-4CD0-9D20-ADB2A91EC751}.Release|x86.Build.0 = Release|Any CPU
		{0DAB9654-46B9-4870-98BE-8B2BF0AB0ABB}.Debug|Any CPU.ActiveCfg = Debug|Any CPU
		{0DAB9654-46B9-4870-98BE-8B2BF0AB0ABB}.Debug|Any CPU.Build.0 = Debug|Any CPU
		{0DAB9654-46B9-4870-98BE-8B2BF0AB0ABB}.Debug|x64.ActiveCfg = Debug|Any CPU
		{0DAB9654-46B9-4870-98BE-8B2BF0AB0ABB}.Debug|x64.Build.0 = Debug|Any CPU
		{0DAB9654-46B9-4870-98BE-8B2BF0AB0ABB}.Debug|x86.ActiveCfg = Debug|Any CPU
		{0DAB9654-46B9-4870-98BE-8B2BF0AB0ABB}.Debug|x86.Build.0 = Debug|Any CPU
		{0DAB9654-46B9-4870-98BE-8B2BF0AB0ABB}.Release|Any CPU.ActiveCfg = Release|Any CPU
		{0DAB9654-46B9-4870-98BE-8B2BF0AB0ABB}.Release|Any CPU.Build.0 = Release|Any CPU
		{0DAB9654-46B9-4870-98BE-8B2BF0AB0ABB}.Release|x64.ActiveCfg = Release|Any CPU
		{0DAB9654-46B9-4870-98BE-8B2BF0AB0ABB}.Release|x64.Build.0 = Release|Any CPU
		{0DAB9654-46B9-4870-98BE-8B2BF0AB0ABB}.Release|x86.ActiveCfg = Release|Any CPU
		{0DAB9654-46B9-4870-98BE-8B2BF0AB0ABB}.Release|x86.Build.0 = Release|Any CPU
		{512BBAB8-E050-49D8-AC42-51AA1F10752D}.Debug|Any CPU.ActiveCfg = Debug|Any CPU
		{512BBAB8-E050-49D8-AC42-51AA1F10752D}.Debug|Any CPU.Build.0 = Debug|Any CPU
		{512BBAB8-E050-49D8-AC42-51AA1F10752D}.Debug|x64.ActiveCfg = Debug|Any CPU
		{512BBAB8-E050-49D8-AC42-51AA1F10752D}.Debug|x64.Build.0 = Debug|Any CPU
		{512BBAB8-E050-49D8-AC42-51AA1F10752D}.Debug|x86.ActiveCfg = Debug|Any CPU
		{512BBAB8-E050-49D8-AC42-51AA1F10752D}.Debug|x86.Build.0 = Debug|Any CPU
		{512BBAB8-E050-49D8-AC42-51AA1F10752D}.Release|Any CPU.ActiveCfg = Release|Any CPU
		{512BBAB8-E050-49D8-AC42-51AA1F10752D}.Release|Any CPU.Build.0 = Release|Any CPU
		{512BBAB8-E050-49D8-AC42-51AA1F10752D}.Release|x64.ActiveCfg = Release|Any CPU
		{512BBAB8-E050-49D8-AC42-51AA1F10752D}.Release|x64.Build.0 = Release|Any CPU
		{512BBAB8-E050-49D8-AC42-51AA1F10752D}.Release|x86.ActiveCfg = Release|Any CPU
		{512BBAB8-E050-49D8-AC42-51AA1F10752D}.Release|x86.Build.0 = Release|Any CPU
		{E2A99161-D1B1-4C3B-94BA-B36334AF7D1D}.Debug|Any CPU.ActiveCfg = Debug|Any CPU
		{E2A99161-D1B1-4C3B-94BA-B36334AF7D1D}.Debug|Any CPU.Build.0 = Debug|Any CPU
		{E2A99161-D1B1-4C3B-94BA-B36334AF7D1D}.Debug|x64.ActiveCfg = Debug|Any CPU
		{E2A99161-D1B1-4C3B-94BA-B36334AF7D1D}.Debug|x64.Build.0 = Debug|Any CPU
		{E2A99161-D1B1-4C3B-94BA-B36334AF7D1D}.Debug|x86.ActiveCfg = Debug|Any CPU
		{E2A99161-D1B1-4C3B-94BA-B36334AF7D1D}.Debug|x86.Build.0 = Debug|Any CPU
		{E2A99161-D1B1-4C3B-94BA-B36334AF7D1D}.Release|Any CPU.ActiveCfg = Release|Any CPU
		{E2A99161-D1B1-4C3B-94BA-B36334AF7D1D}.Release|Any CPU.Build.0 = Release|Any CPU
		{E2A99161-D1B1-4C3B-94BA-B36334AF7D1D}.Release|x64.ActiveCfg = Release|Any CPU
		{E2A99161-D1B1-4C3B-94BA-B36334AF7D1D}.Release|x64.Build.0 = Release|Any CPU
		{E2A99161-D1B1-4C3B-94BA-B36334AF7D1D}.Release|x86.ActiveCfg = Release|Any CPU
		{E2A99161-D1B1-4C3B-94BA-B36334AF7D1D}.Release|x86.Build.0 = Release|Any CPU
	EndGlobalSection
	GlobalSection(SolutionProperties) = preSolution
		HideSolutionNode = FALSE
	EndGlobalSection
	GlobalSection(NestedProjects) = preSolution
		{5C2AA8D9-5363-49DA-842A-FA56B81E662D} = {827E0CD3-B72D-47B6-A68D-7590B98EB39B}
		{E544B769-A482-4CCC-B427-68C4E5572355} = {827E0CD3-B72D-47B6-A68D-7590B98EB39B}
		{13AF8B2D-9576-4C3F-A598-5525E7E7F458} = {827E0CD3-B72D-47B6-A68D-7590B98EB39B}
		{B84D2241-8863-41A1-A3BB-71D4687B5A14} = {827E0CD3-B72D-47B6-A68D-7590B98EB39B}
		{2D0F8AA5-814B-4CD0-9D20-ADB2A91EC751} = {827E0CD3-B72D-47B6-A68D-7590B98EB39B}
		{0DAB9654-46B9-4870-98BE-8B2BF0AB0ABB} = {0AB3BF05-4346-4AA6-1389-037BE0695223}
		{512BBAB8-E050-49D8-AC42-51AA1F10752D} = {0AB3BF05-4346-4AA6-1389-037BE0695223}
		{E2A99161-D1B1-4C3B-94BA-B36334AF7D1D} = {0AB3BF05-4346-4AA6-1389-037BE0695223}
	EndGlobalSection
EndGlobal
